name: Diff Poetry Lockfile

on:
  pull_request:
    branches:
      - main

jobs:
  diff-poetry-lock:
    runs-on: ubuntu-latest

    steps:
    - name: Checkout code
      uses: actions/checkout@v2

    - name: Run Diff Poetry Lock
      uses: ./  # This tells GitHub to use the action defined in the root of your repository
      with:
        GITHUB_TOKEN: ${{ secrets.GITHUB_TOKEN }}
        lockfile_path: "poetry.lock"
